<?xml version="1.0" encoding="utf-8"?>
<Project ToolsVersion="4.0" xmlns="http://schemas.microsoft.com/developer/msbuild/2003">
  <ItemGroup>
    <Filter Include="소스 파일">
      <UniqueIdentifier>{4FC737F1-C7A5-4376-A066-2A32D752A2FF}</UniqueIdentifier>
      <Extensions>cpp;c;cc;cxx;c++;cppm;ixx;def;odl;idl;hpj;bat;asm;asmx</Extensions>
    </Filter>
    <Filter Include="헤더 파일">
      <UniqueIdentifier>{93995380-89BD-4b04-88EB-625FBE52EBFB}</UniqueIdentifier>
      <Extensions>h;hh;hpp;hxx;h++;hm;inl;inc;ipp;xsd</Extensions>
    </Filter>
    <Filter Include="리소스 파일">
      <UniqueIdentifier>{67DA6AB6-F800-4c08-8B7A-83BB121AAD01}</UniqueIdentifier>
      <Extensions>rc;ico;cur;bmp;dlg;rc2;rct;bin;rgs;gif;jpg;jpeg;jpe;resx;tiff;tif;png;wav;mfcribbon-ms</Extensions>
    </Filter>
    <Filter Include="헤더 파일\Math">
      <UniqueIdentifier>{dfe01481-eaed-43f7-b974-6cedc533cc0e}</UniqueIdentifier>
    </Filter>
    <Filter Include="소스 파일\Math">
      <UniqueIdentifier>{8cad24cc-e19b-40ac-bbc9-a0ee8a4533c1}</UniqueIdentifier>
    </Filter>
  </ItemGroup>
  <ItemGroup>
    <ClInclude Include="include\math\vector.h">
      <Filter>헤더 파일\Math</Filter>
    </ClInclude>
    <ClInclude Include="include\math\qr_algorithm.h">
      <Filter>헤더 파일\Math</Filter>
    </ClInclude>
    <ClInclude Include="include\math\matrix.h">
      <Filter>헤더 파일\Math</Filter>
    </ClInclude>
    <ClInclude Include="include\math\ellipsoid_estimator.h">
      <Filter>헤더 파일\Math</Filter>
    </ClInclude>
    <ClInclude Include="include\tracker\tracker_configuration.h">
      <Filter>헤더 파일</Filter>
    </ClInclude>
    <ClInclude Include="include\math\quaternion.h">
      <Filter>헤더 파일</Filter>
    </ClInclude>
    <ClInclude Include="include\network\winsock2_udp_server.h">
      <Filter>헤더 파일</Filter>
    </ClInclude>
    <ClInclude Include="include\network\udp_server.h">
      <Filter>헤더 파일</Filter>
    </ClInclude>
    <ClInclude Include="include\network\network_service.h">
      <Filter>헤더 파일</Filter>
    </ClInclude>
    <ClInclude Include="include\util\thread_pool.h">
      <Filter>헤더 파일</Filter>
    </ClInclude>
    <ClInclude Include="include\network\datagram.h">
      <Filter>헤더 파일</Filter>
    </ClInclude>
    <ClInclude Include="include\network\net_result.h">
      <Filter>헤더 파일</Filter>
    </ClInclude>
    <ClInclude Include="include\util\logger.h">
      <Filter>헤더 파일</Filter>
    </ClInclude>
    <ClInclude Include="lib\fmt\core.h">
      <Filter>헤더 파일</Filter>
    </ClInclude>
    <ClInclude Include="lib\fmt\format.h">
      <Filter>헤더 파일</Filter>
    </ClInclude>
    <ClInclude Include="lib\fmt\format-inl.h">
      <Filter>헤더 파일</Filter>
    </ClInclude>
    <ClInclude Include="lib\fmt\chrono.h">
      <Filter>헤더 파일</Filter>
    </ClInclude>
    <ClInclude Include="lib\fmt\ostream.h">
      <Filter>헤더 파일</Filter>
    </ClInclude>
    <ClInclude Include="include\controller\instruction_dispatcher.h">
      <Filter>헤더 파일</Filter>
    </ClInclude>
    <ClInclude Include="include\tracker\tracker.h">
      <Filter>헤더 파일</Filter>
    </ClInclude>
    <ClInclude Include="include\tracker\tracker_netstat.h">
      <Filter>헤더 파일</Filter>
    </ClInclude>
    <ClInclude Include="include\tracker\tracker_info.h">
      <Filter>헤더 파일</Filter>
    </ClInclude>
    <ClInclude Include="include\tracker\tracker_imu.h">
      <Filter>헤더 파일</Filter>
    </ClInclude>
    <ClInclude Include="include\controller\instruction_set.h">
      <Filter>헤더 파일</Filter>
    </ClInclude>
    <ClInclude Include="include\tracker\tracker_provider.h">
      <Filter>헤더 파일</Filter>
    </ClInclude>
    <ClInclude Include="include\util\string_parser.h">
      <Filter>헤더 파일</Filter>
    </ClInclude>
    <ClInclude Include="include\controller\instruction_handler.h">
      <Filter>헤더 파일</Filter>
    </ClInclude>
    <ClInclude Include="include\tracker\atomic_tracker.h">
      <Filter>헤더 파일</Filter>
    </ClInclude>
    <ClInclude Include="include\controller\instruction_format.h">
      <Filter>헤더 파일</Filter>
    </ClInclude>
    <ClInclude Include="include\controller\tracker_updater.h">
      <Filter>헤더 파일</Filter>
    </ClInclude>
    <ClInclude Include="include\tracker\tracker_status.h">
      <Filter>헤더 파일</Filter>
    </ClInclude>
    <ClInclude Include="include\calibrator\gyro_calibrator.h">
      <Filter>헤더 파일</Filter>
    </ClInclude>
    <ClInclude Include="include\calibrator\accel_calibrator.h">
      <Filter>헤더 파일</Filter>
    </ClInclude>
    <ClInclude Include="include\calibrator\mag_calibrator.h">
      <Filter>헤더 파일</Filter>
    </ClInclude>
    <ClInclude Include="include\calibrator\calibration_manager.h">
      <Filter>헤더 파일</Filter>
    </ClInclude>
    <ClInclude Include="export\dkvr_host.h">
      <Filter>헤더 파일</Filter>
    </ClInclude>
    <ClInclude Include="include\version.h">
      <Filter>헤더 파일</Filter>
    </ClInclude>
    <ClInclude Include="include\tracker\tracker_statistic.h">
      <Filter>헤더 파일</Filter>
    </ClInclude>
    <ClInclude Include="include\calibrator\common_calibrator.h">
      <Filter>헤더 파일</Filter>
    </ClInclude>
  </ItemGroup>
  <ItemGroup>
    <ClCompile Include="src\math\vector.cpp">
      <Filter>소스 파일\Math</Filter>
    </ClCompile>
    <ClCompile Include="src\math\qr_algorithm.cpp">
      <Filter>소스 파일\Math</Filter>
    </ClCompile>
    <ClCompile Include="src\math\matrix.cpp">
      <Filter>소스 파일\Math</Filter>
    </ClCompile>
    <ClCompile Include="src\math\ellipsoid_estimator.cpp">
      <Filter>소스 파일\Math</Filter>
    </ClCompile>
    <ClCompile Include="src\math\quaternion.cpp">
      <Filter>소스 파일</Filter>
    </ClCompile>
    <ClCompile Include="src\network\winsock2_udp_server.cpp">
      <Filter>소스 파일</Filter>
    </ClCompile>
    <ClCompile Include="src\network\udp_server.cpp">
      <Filter>소스 파일</Filter>
    </ClCompile>
    <ClCompile Include="src\network\network_service.cpp">
      <Filter>소스 파일</Filter>
    </ClCompile>
    <ClCompile Include="src\util\thread_pool.cpp">
      <Filter>소스 파일</Filter>
    </ClCompile>
    <ClCompile Include="src\util\logger.cpp">
      <Filter>소스 파일</Filter>
    </ClCompile>
    <ClCompile Include="lib\fmt\format.cc">
      <Filter>소스 파일</Filter>
    </ClCompile>
    <ClCompile Include="src\controller\instruction_dispatcher.cpp">
      <Filter>소스 파일</Filter>
    </ClCompile>
    <ClCompile Include="src\tracker\tracker.cpp">
      <Filter>소스 파일</Filter>
    </ClCompile>
    <ClCompile Include="src\tracker\tracker_configuration.cpp">
      <Filter>소스 파일</Filter>
    </ClCompile>
    <ClCompile Include="src\tracker\tracker_provider.cpp">
      <Filter>소스 파일</Filter>
    </ClCompile>
    <ClCompile Include="src\util\string_parser.cpp">
      <Filter>소스 파일</Filter>
    </ClCompile>
    <ClCompile Include="src\controller\tracker_updater.cpp">
      <Filter>소스 파일</Filter>
    </ClCompile>
    <ClCompile Include="src\calibrator\accel_calibrator.cpp">
      <Filter>소스 파일</Filter>
    </ClCompile>
    <ClCompile Include="src\calibrator\mag_calibrator.cpp">
      <Filter>소스 파일</Filter>
    </ClCompile>
    <ClCompile Include="src\controller\instruction_handler.cpp">
      <Filter>소스 파일</Filter>
    </ClCompile>
    <ClCompile Include="src\calibrator\gyro_calibrator.cpp">
      <Filter>소스 파일</Filter>
    </ClCompile>
    <ClCompile Include="src\calibrator\calibration_manager.cpp">
      <Filter>소스 파일</Filter>
    </ClCompile>
    <ClCompile Include="src\dkvr_host.cpp">
      <Filter>소스 파일</Filter>
    </ClCompile>
    <ClCompile Include="src\dllmain.cpp">
      <Filter>소스 파일</Filter>
    </ClCompile>
    <ClCompile Include="src\calibrator\common_calibrator.cpp">
      <Filter>소스 파일</Filter>
    </ClCompile>
  </ItemGroup>
  <ItemGroup>
    <None Include="lib\fmt\LICENSE" />
  </ItemGroup>
</Project>