<?xml version="1.0" encoding="utf-8"?>
<Project ToolsVersion="4.0" xmlns="http://schemas.microsoft.com/developer/msbuild/2003">
  <ItemGroup>
    <Filter Include="소스 파일">
      <UniqueIdentifier>{4FC737F1-C7A5-4376-A066-2A32D752A2FF}</UniqueIdentifier>
      <Extensions>cpp;c;cc;cxx;c++;cppm;ixx;def;odl;idl;hpj;bat;asm;asmx</Extensions>
    </Filter>
    <Filter Include="헤더 파일">
      <UniqueIdentifier>{93995380-89BD-4b04-88EB-625FBE52EBFB}</UniqueIdentifier>
      <Extensions>h;hh;hpp;hxx;h++;hm;inl;inc;ipp;xsd</Extensions>
    </Filter>
    <Filter Include="리소스 파일">
      <UniqueIdentifier>{67DA6AB6-F800-4c08-8B7A-83BB121AAD01}</UniqueIdentifier>
      <Extensions>rc;ico;cur;bmp;dlg;rc2;rct;bin;rgs;gif;jpg;jpeg;jpe;resx;tiff;tif;png;wav;mfcribbon-ms</Extensions>
    </Filter>
    <Filter Include="헤더 파일\Math">
      <UniqueIdentifier>{dfe01481-eaed-43f7-b974-6cedc533cc0e}</UniqueIdentifier>
    </Filter>
    <Filter Include="소스 파일\Math">
      <UniqueIdentifier>{8cad24cc-e19b-40ac-bbc9-a0ee8a4533c1}</UniqueIdentifier>
    </Filter>
  </ItemGroup>
  <ItemGroup>
    <ClInclude Include="include\tracker\tracker_configuration.h">
      <Filter>헤더 파일</Filter>
    </ClInclude>
    <ClInclude Include="include\network\winsock2_udp_server.h">
      <Filter>헤더 파일</Filter>
    </ClInclude>
    <ClInclude Include="include\network\udp_server.h">
      <Filter>헤더 파일</Filter>
    </ClInclude>
    <ClInclude Include="include\network\network_service.h">
      <Filter>헤더 파일</Filter>
    </ClInclude>
    <ClInclude Include="include\util\thread_pool.h">
      <Filter>헤더 파일</Filter>
    </ClInclude>
    <ClInclude Include="include\network\datagram.h">
      <Filter>헤더 파일</Filter>
    </ClInclude>
    <ClInclude Include="include\network\net_result.h">
      <Filter>헤더 파일</Filter>
    </ClInclude>
    <ClInclude Include="include\util\logger.h">
      <Filter>헤더 파일</Filter>
    </ClInclude>
    <ClInclude Include="lib\fmt\core.h">
      <Filter>헤더 파일</Filter>
    </ClInclude>
    <ClInclude Include="lib\fmt\format.h">
      <Filter>헤더 파일</Filter>
    </ClInclude>
    <ClInclude Include="lib\fmt\format-inl.h">
      <Filter>헤더 파일</Filter>
    </ClInclude>
    <ClInclude Include="lib\fmt\chrono.h">
      <Filter>헤더 파일</Filter>
    </ClInclude>
    <ClInclude Include="lib\fmt\ostream.h">
      <Filter>헤더 파일</Filter>
    </ClInclude>
    <ClInclude Include="include\controller\instruction_dispatcher.h">
      <Filter>헤더 파일</Filter>
    </ClInclude>
    <ClInclude Include="include\tracker\tracker.h">
      <Filter>헤더 파일</Filter>
    </ClInclude>
    <ClInclude Include="include\tracker\tracker_netstat.h">
      <Filter>헤더 파일</Filter>
    </ClInclude>
    <ClInclude Include="include\tracker\tracker_info.h">
      <Filter>헤더 파일</Filter>
    </ClInclude>
    <ClInclude Include="include\tracker\tracker_data.h">
      <Filter>헤더 파일</Filter>
    </ClInclude>
    <ClInclude Include="include\controller\instruction_set.h">
      <Filter>헤더 파일</Filter>
    </ClInclude>
    <ClInclude Include="include\tracker\tracker_provider.h">
      <Filter>헤더 파일</Filter>
    </ClInclude>
    <ClInclude Include="include\util\string_parser.h">
      <Filter>헤더 파일</Filter>
    </ClInclude>
    <ClInclude Include="include\controller\instruction_handler.h">
      <Filter>헤더 파일</Filter>
    </ClInclude>
    <ClInclude Include="include\tracker\atomic_tracker.h">
      <Filter>헤더 파일</Filter>
    </ClInclude>
    <ClInclude Include="include\controller\instruction_format.h">
      <Filter>헤더 파일</Filter>
    </ClInclude>
    <ClInclude Include="include\controller\tracker_updater.h">
      <Filter>헤더 파일</Filter>
    </ClInclude>
    <ClInclude Include="include\tracker\tracker_status.h">
      <Filter>헤더 파일</Filter>
    </ClInclude>
    <ClInclude Include="include\calibrator\gyro_calibrator.h">
      <Filter>헤더 파일</Filter>
    </ClInclude>
    <ClInclude Include="include\calibrator\accel_calibrator.h">
      <Filter>헤더 파일</Filter>
    </ClInclude>
    <ClInclude Include="include\calibrator\mag_calibrator.h">
      <Filter>헤더 파일</Filter>
    </ClInclude>
    <ClInclude Include="include\calibrator\calibration_manager.h">
      <Filter>헤더 파일</Filter>
    </ClInclude>
    <ClInclude Include="export\dkvr_host.h">
      <Filter>헤더 파일</Filter>
    </ClInclude>
    <ClInclude Include="include\version.h">
      <Filter>헤더 파일</Filter>
    </ClInclude>
    <ClInclude Include="include\tracker\tracker_statistic.h">
      <Filter>헤더 파일</Filter>
    </ClInclude>
    <ClInclude Include="include\calibrator\common_calibrator.h">
      <Filter>헤더 파일</Filter>
    </ClInclude>
    <ClInclude Include="lib\Eigen\src\Core\arch\AltiVec\Complex.h">
      <Filter>헤더 파일</Filter>
    </ClInclude>
    <ClInclude Include="lib\Eigen\src\Core\arch\AltiVec\MathFunctions.h">
      <Filter>헤더 파일</Filter>
    </ClInclude>
    <ClInclude Include="lib\Eigen\src\Core\arch\AltiVec\MatrixProduct.h">
      <Filter>헤더 파일</Filter>
    </ClInclude>
    <ClInclude Include="lib\Eigen\src\Core\arch\AltiVec\MatrixProductCommon.h">
      <Filter>헤더 파일</Filter>
    </ClInclude>
    <ClInclude Include="lib\Eigen\src\Core\arch\AltiVec\MatrixProductMMA.h">
      <Filter>헤더 파일</Filter>
    </ClInclude>
    <ClInclude Include="lib\Eigen\src\Core\arch\AltiVec\PacketMath.h">
      <Filter>헤더 파일</Filter>
    </ClInclude>
    <ClInclude Include="lib\Eigen\src\Core\arch\AVX\Complex.h">
      <Filter>헤더 파일</Filter>
    </ClInclude>
    <ClInclude Include="lib\Eigen\src\Core\arch\AVX\MathFunctions.h">
      <Filter>헤더 파일</Filter>
    </ClInclude>
    <ClInclude Include="lib\Eigen\src\Core\arch\AVX\PacketMath.h">
      <Filter>헤더 파일</Filter>
    </ClInclude>
    <ClInclude Include="lib\Eigen\src\Core\arch\AVX\TypeCasting.h">
      <Filter>헤더 파일</Filter>
    </ClInclude>
    <ClInclude Include="lib\Eigen\src\Core\arch\AVX512\Complex.h">
      <Filter>헤더 파일</Filter>
    </ClInclude>
    <ClInclude Include="lib\Eigen\src\Core\arch\AVX512\MathFunctions.h">
      <Filter>헤더 파일</Filter>
    </ClInclude>
    <ClInclude Include="lib\Eigen\src\Core\arch\AVX512\PacketMath.h">
      <Filter>헤더 파일</Filter>
    </ClInclude>
    <ClInclude Include="lib\Eigen\src\Core\arch\AVX512\TypeCasting.h">
      <Filter>헤더 파일</Filter>
    </ClInclude>
    <ClInclude Include="lib\Eigen\src\Core\arch\CUDA\Complex.h">
      <Filter>헤더 파일</Filter>
    </ClInclude>
    <ClInclude Include="lib\Eigen\src\Core\arch\Default\BFloat16.h">
      <Filter>헤더 파일</Filter>
    </ClInclude>
    <ClInclude Include="lib\Eigen\src\Core\arch\Default\ConjHelper.h">
      <Filter>헤더 파일</Filter>
    </ClInclude>
    <ClInclude Include="lib\Eigen\src\Core\arch\Default\GenericPacketMathFunctions.h">
      <Filter>헤더 파일</Filter>
    </ClInclude>
    <ClInclude Include="lib\Eigen\src\Core\arch\Default\GenericPacketMathFunctionsFwd.h">
      <Filter>헤더 파일</Filter>
    </ClInclude>
    <ClInclude Include="lib\Eigen\src\Core\arch\Default\Half.h">
      <Filter>헤더 파일</Filter>
    </ClInclude>
    <ClInclude Include="lib\Eigen\src\Core\arch\Default\Settings.h">
      <Filter>헤더 파일</Filter>
    </ClInclude>
    <ClInclude Include="lib\Eigen\src\Core\arch\Default\TypeCasting.h">
      <Filter>헤더 파일</Filter>
    </ClInclude>
    <ClInclude Include="lib\Eigen\src\Core\arch\GPU\MathFunctions.h">
      <Filter>헤더 파일</Filter>
    </ClInclude>
    <ClInclude Include="lib\Eigen\src\Core\arch\GPU\PacketMath.h">
      <Filter>헤더 파일</Filter>
    </ClInclude>
    <ClInclude Include="lib\Eigen\src\Core\arch\GPU\TypeCasting.h">
      <Filter>헤더 파일</Filter>
    </ClInclude>
    <ClInclude Include="lib\Eigen\src\Core\arch\HIP\hcc\math_constants.h">
      <Filter>헤더 파일</Filter>
    </ClInclude>
    <ClInclude Include="lib\Eigen\src\Core\arch\MSA\Complex.h">
      <Filter>헤더 파일</Filter>
    </ClInclude>
    <ClInclude Include="lib\Eigen\src\Core\arch\MSA\MathFunctions.h">
      <Filter>헤더 파일</Filter>
    </ClInclude>
    <ClInclude Include="lib\Eigen\src\Core\arch\MSA\PacketMath.h">
      <Filter>헤더 파일</Filter>
    </ClInclude>
    <ClInclude Include="lib\Eigen\src\Core\arch\NEON\Complex.h">
      <Filter>헤더 파일</Filter>
    </ClInclude>
    <ClInclude Include="lib\Eigen\src\Core\arch\NEON\GeneralBlockPanelKernel.h">
      <Filter>헤더 파일</Filter>
    </ClInclude>
    <ClInclude Include="lib\Eigen\src\Core\arch\NEON\MathFunctions.h">
      <Filter>헤더 파일</Filter>
    </ClInclude>
    <ClInclude Include="lib\Eigen\src\Core\arch\NEON\PacketMath.h">
      <Filter>헤더 파일</Filter>
    </ClInclude>
    <ClInclude Include="lib\Eigen\src\Core\arch\NEON\TypeCasting.h">
      <Filter>헤더 파일</Filter>
    </ClInclude>
    <ClInclude Include="lib\Eigen\src\Core\arch\SSE\Complex.h">
      <Filter>헤더 파일</Filter>
    </ClInclude>
    <ClInclude Include="lib\Eigen\src\Core\arch\SSE\MathFunctions.h">
      <Filter>헤더 파일</Filter>
    </ClInclude>
    <ClInclude Include="lib\Eigen\src\Core\arch\SSE\PacketMath.h">
      <Filter>헤더 파일</Filter>
    </ClInclude>
    <ClInclude Include="lib\Eigen\src\Core\arch\SSE\TypeCasting.h">
      <Filter>헤더 파일</Filter>
    </ClInclude>
    <ClInclude Include="lib\Eigen\src\Core\arch\SVE\MathFunctions.h">
      <Filter>헤더 파일</Filter>
    </ClInclude>
    <ClInclude Include="lib\Eigen\src\Core\arch\SVE\PacketMath.h">
      <Filter>헤더 파일</Filter>
    </ClInclude>
    <ClInclude Include="lib\Eigen\src\Core\arch\SVE\TypeCasting.h">
      <Filter>헤더 파일</Filter>
    </ClInclude>
    <ClInclude Include="lib\Eigen\src\Core\arch\SYCL\InteropHeaders.h">
      <Filter>헤더 파일</Filter>
    </ClInclude>
    <ClInclude Include="lib\Eigen\src\Core\arch\SYCL\MathFunctions.h">
      <Filter>헤더 파일</Filter>
    </ClInclude>
    <ClInclude Include="lib\Eigen\src\Core\arch\SYCL\PacketMath.h">
      <Filter>헤더 파일</Filter>
    </ClInclude>
    <ClInclude Include="lib\Eigen\src\Core\arch\SYCL\SyclMemoryModel.h">
      <Filter>헤더 파일</Filter>
    </ClInclude>
    <ClInclude Include="lib\Eigen\src\Core\arch\SYCL\TypeCasting.h">
      <Filter>헤더 파일</Filter>
    </ClInclude>
    <ClInclude Include="lib\Eigen\src\Core\arch\ZVector\Complex.h">
      <Filter>헤더 파일</Filter>
    </ClInclude>
    <ClInclude Include="lib\Eigen\src\Core\arch\ZVector\MathFunctions.h">
      <Filter>헤더 파일</Filter>
    </ClInclude>
    <ClInclude Include="lib\Eigen\src\Core\arch\ZVector\PacketMath.h">
      <Filter>헤더 파일</Filter>
    </ClInclude>
    <ClInclude Include="lib\Eigen\src\Core\functors\AssignmentFunctors.h">
      <Filter>헤더 파일</Filter>
    </ClInclude>
    <ClInclude Include="lib\Eigen\src\Core\functors\BinaryFunctors.h">
      <Filter>헤더 파일</Filter>
    </ClInclude>
    <ClInclude Include="lib\Eigen\src\Core\functors\NullaryFunctors.h">
      <Filter>헤더 파일</Filter>
    </ClInclude>
    <ClInclude Include="lib\Eigen\src\Core\functors\StlFunctors.h">
      <Filter>헤더 파일</Filter>
    </ClInclude>
    <ClInclude Include="lib\Eigen\src\Core\functors\TernaryFunctors.h">
      <Filter>헤더 파일</Filter>
    </ClInclude>
    <ClInclude Include="lib\Eigen\src\Core\functors\UnaryFunctors.h">
      <Filter>헤더 파일</Filter>
    </ClInclude>
    <ClInclude Include="lib\Eigen\src\Core\products\GeneralBlockPanelKernel.h">
      <Filter>헤더 파일</Filter>
    </ClInclude>
    <ClInclude Include="lib\Eigen\src\Core\products\GeneralMatrixMatrix.h">
      <Filter>헤더 파일</Filter>
    </ClInclude>
    <ClInclude Include="lib\Eigen\src\Core\products\GeneralMatrixMatrix_BLAS.h">
      <Filter>헤더 파일</Filter>
    </ClInclude>
    <ClInclude Include="lib\Eigen\src\Core\products\GeneralMatrixMatrixTriangular.h">
      <Filter>헤더 파일</Filter>
    </ClInclude>
    <ClInclude Include="lib\Eigen\src\Core\products\GeneralMatrixMatrixTriangular_BLAS.h">
      <Filter>헤더 파일</Filter>
    </ClInclude>
    <ClInclude Include="lib\Eigen\src\Core\products\GeneralMatrixVector.h">
      <Filter>헤더 파일</Filter>
    </ClInclude>
    <ClInclude Include="lib\Eigen\src\Core\products\GeneralMatrixVector_BLAS.h">
      <Filter>헤더 파일</Filter>
    </ClInclude>
    <ClInclude Include="lib\Eigen\src\Core\products\Parallelizer.h">
      <Filter>헤더 파일</Filter>
    </ClInclude>
    <ClInclude Include="lib\Eigen\src\Core\products\SelfadjointMatrixMatrix.h">
      <Filter>헤더 파일</Filter>
    </ClInclude>
    <ClInclude Include="lib\Eigen\src\Core\products\SelfadjointMatrixMatrix_BLAS.h">
      <Filter>헤더 파일</Filter>
    </ClInclude>
    <ClInclude Include="lib\Eigen\src\Core\products\SelfadjointMatrixVector.h">
      <Filter>헤더 파일</Filter>
    </ClInclude>
    <ClInclude Include="lib\Eigen\src\Core\products\SelfadjointMatrixVector_BLAS.h">
      <Filter>헤더 파일</Filter>
    </ClInclude>
    <ClInclude Include="lib\Eigen\src\Core\products\SelfadjointProduct.h">
      <Filter>헤더 파일</Filter>
    </ClInclude>
    <ClInclude Include="lib\Eigen\src\Core\products\SelfadjointRank2Update.h">
      <Filter>헤더 파일</Filter>
    </ClInclude>
    <ClInclude Include="lib\Eigen\src\Core\products\TriangularMatrixMatrix.h">
      <Filter>헤더 파일</Filter>
    </ClInclude>
    <ClInclude Include="lib\Eigen\src\Core\products\TriangularMatrixMatrix_BLAS.h">
      <Filter>헤더 파일</Filter>
    </ClInclude>
    <ClInclude Include="lib\Eigen\src\Core\products\TriangularMatrixVector.h">
      <Filter>헤더 파일</Filter>
    </ClInclude>
    <ClInclude Include="lib\Eigen\src\Core\products\TriangularMatrixVector_BLAS.h">
      <Filter>헤더 파일</Filter>
    </ClInclude>
    <ClInclude Include="lib\Eigen\src\Core\products\TriangularSolverMatrix.h">
      <Filter>헤더 파일</Filter>
    </ClInclude>
    <ClInclude Include="lib\Eigen\src\Core\products\TriangularSolverMatrix_BLAS.h">
      <Filter>헤더 파일</Filter>
    </ClInclude>
    <ClInclude Include="lib\Eigen\src\Core\products\TriangularSolverVector.h">
      <Filter>헤더 파일</Filter>
    </ClInclude>
    <ClInclude Include="lib\Eigen\src\Core\util\BlasUtil.h">
      <Filter>헤더 파일</Filter>
    </ClInclude>
    <ClInclude Include="lib\Eigen\src\Core\util\ConfigureVectorization.h">
      <Filter>헤더 파일</Filter>
    </ClInclude>
    <ClInclude Include="lib\Eigen\src\Core\util\Constants.h">
      <Filter>헤더 파일</Filter>
    </ClInclude>
    <ClInclude Include="lib\Eigen\src\Core\util\DisableStupidWarnings.h">
      <Filter>헤더 파일</Filter>
    </ClInclude>
    <ClInclude Include="lib\Eigen\src\Core\util\ForwardDeclarations.h">
      <Filter>헤더 파일</Filter>
    </ClInclude>
    <ClInclude Include="lib\Eigen\src\Core\util\IndexedViewHelper.h">
      <Filter>헤더 파일</Filter>
    </ClInclude>
    <ClInclude Include="lib\Eigen\src\Core\util\IntegralConstant.h">
      <Filter>헤더 파일</Filter>
    </ClInclude>
    <ClInclude Include="lib\Eigen\src\Core\util\Macros.h">
      <Filter>헤더 파일</Filter>
    </ClInclude>
    <ClInclude Include="lib\Eigen\src\Core\util\Memory.h">
      <Filter>헤더 파일</Filter>
    </ClInclude>
    <ClInclude Include="lib\Eigen\src\Core\util\Meta.h">
      <Filter>헤더 파일</Filter>
    </ClInclude>
    <ClInclude Include="lib\Eigen\src\Core\util\MKL_support.h">
      <Filter>헤더 파일</Filter>
    </ClInclude>
    <ClInclude Include="lib\Eigen\src\Core\util\NonMPL2.h">
      <Filter>헤더 파일</Filter>
    </ClInclude>
    <ClInclude Include="lib\Eigen\src\Core\util\ReenableStupidWarnings.h">
      <Filter>헤더 파일</Filter>
    </ClInclude>
    <ClInclude Include="lib\Eigen\src\Core\util\ReshapedHelper.h">
      <Filter>헤더 파일</Filter>
    </ClInclude>
    <ClInclude Include="lib\Eigen\src\Core\util\StaticAssert.h">
      <Filter>헤더 파일</Filter>
    </ClInclude>
    <ClInclude Include="lib\Eigen\src\Core\util\SymbolicIndex.h">
      <Filter>헤더 파일</Filter>
    </ClInclude>
    <ClInclude Include="lib\Eigen\src\Core\util\XprHelper.h">
      <Filter>헤더 파일</Filter>
    </ClInclude>
    <ClInclude Include="lib\Eigen\src\Core\ArithmeticSequence.h">
      <Filter>헤더 파일</Filter>
    </ClInclude>
    <ClInclude Include="lib\Eigen\src\Core\Array.h">
      <Filter>헤더 파일</Filter>
    </ClInclude>
    <ClInclude Include="lib\Eigen\src\Core\ArrayBase.h">
      <Filter>헤더 파일</Filter>
    </ClInclude>
    <ClInclude Include="lib\Eigen\src\Core\ArrayWrapper.h">
      <Filter>헤더 파일</Filter>
    </ClInclude>
    <ClInclude Include="lib\Eigen\src\Core\Assign.h">
      <Filter>헤더 파일</Filter>
    </ClInclude>
    <ClInclude Include="lib\Eigen\src\Core\Assign_MKL.h">
      <Filter>헤더 파일</Filter>
    </ClInclude>
    <ClInclude Include="lib\Eigen\src\Core\AssignEvaluator.h">
      <Filter>헤더 파일</Filter>
    </ClInclude>
    <ClInclude Include="lib\Eigen\src\Core\BandMatrix.h">
      <Filter>헤더 파일</Filter>
    </ClInclude>
    <ClInclude Include="lib\Eigen\src\Core\Block.h">
      <Filter>헤더 파일</Filter>
    </ClInclude>
    <ClInclude Include="lib\Eigen\src\Core\BooleanRedux.h">
      <Filter>헤더 파일</Filter>
    </ClInclude>
    <ClInclude Include="lib\Eigen\src\Core\CommaInitializer.h">
      <Filter>헤더 파일</Filter>
    </ClInclude>
    <ClInclude Include="lib\Eigen\src\Core\ConditionEstimator.h">
      <Filter>헤더 파일</Filter>
    </ClInclude>
    <ClInclude Include="lib\Eigen\src\Core\CoreEvaluators.h">
      <Filter>헤더 파일</Filter>
    </ClInclude>
    <ClInclude Include="lib\Eigen\src\Core\CoreIterators.h">
      <Filter>헤더 파일</Filter>
    </ClInclude>
    <ClInclude Include="lib\Eigen\src\Core\CwiseBinaryOp.h">
      <Filter>헤더 파일</Filter>
    </ClInclude>
    <ClInclude Include="lib\Eigen\src\Core\CwiseNullaryOp.h">
      <Filter>헤더 파일</Filter>
    </ClInclude>
    <ClInclude Include="lib\Eigen\src\Core\CwiseTernaryOp.h">
      <Filter>헤더 파일</Filter>
    </ClInclude>
    <ClInclude Include="lib\Eigen\src\Core\CwiseUnaryOp.h">
      <Filter>헤더 파일</Filter>
    </ClInclude>
    <ClInclude Include="lib\Eigen\src\Core\CwiseUnaryView.h">
      <Filter>헤더 파일</Filter>
    </ClInclude>
    <ClInclude Include="lib\Eigen\src\Core\DenseBase.h">
      <Filter>헤더 파일</Filter>
    </ClInclude>
    <ClInclude Include="lib\Eigen\src\Core\DenseCoeffsBase.h">
      <Filter>헤더 파일</Filter>
    </ClInclude>
    <ClInclude Include="lib\Eigen\src\Core\DenseStorage.h">
      <Filter>헤더 파일</Filter>
    </ClInclude>
    <ClInclude Include="lib\Eigen\src\Core\Diagonal.h">
      <Filter>헤더 파일</Filter>
    </ClInclude>
    <ClInclude Include="lib\Eigen\src\Core\DiagonalMatrix.h">
      <Filter>헤더 파일</Filter>
    </ClInclude>
    <ClInclude Include="lib\Eigen\src\Core\DiagonalProduct.h">
      <Filter>헤더 파일</Filter>
    </ClInclude>
    <ClInclude Include="lib\Eigen\src\Core\Dot.h">
      <Filter>헤더 파일</Filter>
    </ClInclude>
    <ClInclude Include="lib\Eigen\src\Core\EigenBase.h">
      <Filter>헤더 파일</Filter>
    </ClInclude>
    <ClInclude Include="lib\Eigen\src\Core\ForceAlignedAccess.h">
      <Filter>헤더 파일</Filter>
    </ClInclude>
    <ClInclude Include="lib\Eigen\src\Core\Fuzzy.h">
      <Filter>헤더 파일</Filter>
    </ClInclude>
    <ClInclude Include="lib\Eigen\src\Core\GeneralProduct.h">
      <Filter>헤더 파일</Filter>
    </ClInclude>
    <ClInclude Include="lib\Eigen\src\Core\GenericPacketMath.h">
      <Filter>헤더 파일</Filter>
    </ClInclude>
    <ClInclude Include="lib\Eigen\src\Core\GlobalFunctions.h">
      <Filter>헤더 파일</Filter>
    </ClInclude>
    <ClInclude Include="lib\Eigen\src\Core\IndexedView.h">
      <Filter>헤더 파일</Filter>
    </ClInclude>
    <ClInclude Include="lib\Eigen\src\Core\Inverse.h">
      <Filter>헤더 파일</Filter>
    </ClInclude>
    <ClInclude Include="lib\Eigen\src\Core\IO.h">
      <Filter>헤더 파일</Filter>
    </ClInclude>
    <ClInclude Include="lib\Eigen\src\Core\Map.h">
      <Filter>헤더 파일</Filter>
    </ClInclude>
    <ClInclude Include="lib\Eigen\src\Core\MapBase.h">
      <Filter>헤더 파일</Filter>
    </ClInclude>
    <ClInclude Include="lib\Eigen\src\Core\MathFunctions.h">
      <Filter>헤더 파일</Filter>
    </ClInclude>
    <ClInclude Include="lib\Eigen\src\Core\MathFunctionsImpl.h">
      <Filter>헤더 파일</Filter>
    </ClInclude>
    <ClInclude Include="lib\Eigen\src\Core\Matrix.h">
      <Filter>헤더 파일</Filter>
    </ClInclude>
    <ClInclude Include="lib\Eigen\src\Core\MatrixBase.h">
      <Filter>헤더 파일</Filter>
    </ClInclude>
    <ClInclude Include="lib\Eigen\src\Core\NestByValue.h">
      <Filter>헤더 파일</Filter>
    </ClInclude>
    <ClInclude Include="lib\Eigen\src\Core\NoAlias.h">
      <Filter>헤더 파일</Filter>
    </ClInclude>
    <ClInclude Include="lib\Eigen\src\Core\NumTraits.h">
      <Filter>헤더 파일</Filter>
    </ClInclude>
    <ClInclude Include="lib\Eigen\src\Core\PartialReduxEvaluator.h">
      <Filter>헤더 파일</Filter>
    </ClInclude>
    <ClInclude Include="lib\Eigen\src\Core\PermutationMatrix.h">
      <Filter>헤더 파일</Filter>
    </ClInclude>
    <ClInclude Include="lib\Eigen\src\Core\PlainObjectBase.h">
      <Filter>헤더 파일</Filter>
    </ClInclude>
    <ClInclude Include="lib\Eigen\src\Core\Product.h">
      <Filter>헤더 파일</Filter>
    </ClInclude>
    <ClInclude Include="lib\Eigen\src\Core\ProductEvaluators.h">
      <Filter>헤더 파일</Filter>
    </ClInclude>
    <ClInclude Include="lib\Eigen\src\Core\Random.h">
      <Filter>헤더 파일</Filter>
    </ClInclude>
    <ClInclude Include="lib\Eigen\src\Core\Redux.h">
      <Filter>헤더 파일</Filter>
    </ClInclude>
    <ClInclude Include="lib\Eigen\src\Core\Ref.h">
      <Filter>헤더 파일</Filter>
    </ClInclude>
    <ClInclude Include="lib\Eigen\src\Core\Replicate.h">
      <Filter>헤더 파일</Filter>
    </ClInclude>
    <ClInclude Include="lib\Eigen\src\Core\Reshaped.h">
      <Filter>헤더 파일</Filter>
    </ClInclude>
    <ClInclude Include="lib\Eigen\src\Core\ReturnByValue.h">
      <Filter>헤더 파일</Filter>
    </ClInclude>
    <ClInclude Include="lib\Eigen\src\Core\Reverse.h">
      <Filter>헤더 파일</Filter>
    </ClInclude>
    <ClInclude Include="lib\Eigen\src\Core\Select.h">
      <Filter>헤더 파일</Filter>
    </ClInclude>
    <ClInclude Include="lib\Eigen\src\Core\SelfAdjointView.h">
      <Filter>헤더 파일</Filter>
    </ClInclude>
    <ClInclude Include="lib\Eigen\src\Core\SelfCwiseBinaryOp.h">
      <Filter>헤더 파일</Filter>
    </ClInclude>
    <ClInclude Include="lib\Eigen\src\Core\Solve.h">
      <Filter>헤더 파일</Filter>
    </ClInclude>
    <ClInclude Include="lib\Eigen\src\Core\SolverBase.h">
      <Filter>헤더 파일</Filter>
    </ClInclude>
    <ClInclude Include="lib\Eigen\src\Core\SolveTriangular.h">
      <Filter>헤더 파일</Filter>
    </ClInclude>
    <ClInclude Include="lib\Eigen\src\Core\StableNorm.h">
      <Filter>헤더 파일</Filter>
    </ClInclude>
    <ClInclude Include="lib\Eigen\src\Core\StlIterators.h">
      <Filter>헤더 파일</Filter>
    </ClInclude>
    <ClInclude Include="lib\Eigen\src\Core\Stride.h">
      <Filter>헤더 파일</Filter>
    </ClInclude>
    <ClInclude Include="lib\Eigen\src\Core\Swap.h">
      <Filter>헤더 파일</Filter>
    </ClInclude>
    <ClInclude Include="lib\Eigen\src\Core\Transpose.h">
      <Filter>헤더 파일</Filter>
    </ClInclude>
    <ClInclude Include="lib\Eigen\src\Core\Transpositions.h">
      <Filter>헤더 파일</Filter>
    </ClInclude>
    <ClInclude Include="lib\Eigen\src\Core\TriangularMatrix.h">
      <Filter>헤더 파일</Filter>
    </ClInclude>
    <ClInclude Include="lib\Eigen\src\Core\VectorBlock.h">
      <Filter>헤더 파일</Filter>
    </ClInclude>
    <ClInclude Include="lib\Eigen\src\Core\VectorwiseOp.h">
      <Filter>헤더 파일</Filter>
    </ClInclude>
    <ClInclude Include="lib\Eigen\src\Core\Visitor.h">
      <Filter>헤더 파일</Filter>
    </ClInclude>
    <ClInclude Include="lib\Eigen\src\Householder\BlockHouseholder.h">
      <Filter>헤더 파일</Filter>
    </ClInclude>
    <ClInclude Include="lib\Eigen\src\Householder\Householder.h">
      <Filter>헤더 파일</Filter>
    </ClInclude>
    <ClInclude Include="lib\Eigen\src\Householder\HouseholderSequence.h">
      <Filter>헤더 파일</Filter>
    </ClInclude>
    <ClInclude Include="lib\Eigen\src\Jacobi\Jacobi.h">
      <Filter>헤더 파일</Filter>
    </ClInclude>
    <ClInclude Include="lib\Eigen\src\LU\arch\InverseSize4.h">
      <Filter>헤더 파일</Filter>
    </ClInclude>
    <ClInclude Include="lib\Eigen\src\LU\Determinant.h">
      <Filter>헤더 파일</Filter>
    </ClInclude>
    <ClInclude Include="lib\Eigen\src\LU\FullPivLU.h">
      <Filter>헤더 파일</Filter>
    </ClInclude>
    <ClInclude Include="lib\Eigen\src\LU\InverseImpl.h">
      <Filter>헤더 파일</Filter>
    </ClInclude>
    <ClInclude Include="lib\Eigen\src\LU\PartialPivLU.h">
      <Filter>헤더 파일</Filter>
    </ClInclude>
    <ClInclude Include="lib\Eigen\src\LU\PartialPivLU_LAPACKE.h">
      <Filter>헤더 파일</Filter>
    </ClInclude>
    <ClInclude Include="lib\Eigen\src\QR\ColPivHouseholderQR.h">
      <Filter>헤더 파일</Filter>
    </ClInclude>
    <ClInclude Include="lib\Eigen\src\QR\ColPivHouseholderQR_LAPACKE.h">
      <Filter>헤더 파일</Filter>
    </ClInclude>
    <ClInclude Include="lib\Eigen\src\QR\CompleteOrthogonalDecomposition.h">
      <Filter>헤더 파일</Filter>
    </ClInclude>
    <ClInclude Include="lib\Eigen\src\QR\FullPivHouseholderQR.h">
      <Filter>헤더 파일</Filter>
    </ClInclude>
    <ClInclude Include="lib\Eigen\src\QR\HouseholderQR.h">
      <Filter>헤더 파일</Filter>
    </ClInclude>
    <ClInclude Include="lib\Eigen\src\QR\HouseholderQR_LAPACKE.h">
      <Filter>헤더 파일</Filter>
    </ClInclude>
    <ClInclude Include="lib\Eigen\src\SVD\BDCSVD.h">
      <Filter>헤더 파일</Filter>
    </ClInclude>
    <ClInclude Include="lib\Eigen\src\SVD\JacobiSVD.h">
      <Filter>헤더 파일</Filter>
    </ClInclude>
    <ClInclude Include="lib\Eigen\src\SVD\JacobiSVD_LAPACKE.h">
      <Filter>헤더 파일</Filter>
    </ClInclude>
    <ClInclude Include="lib\Eigen\src\SVD\SVDBase.h">
      <Filter>헤더 파일</Filter>
    </ClInclude>
    <ClInclude Include="lib\Eigen\src\SVD\UpperBidiagonalization.h">
      <Filter>헤더 파일</Filter>
    </ClInclude>
    <ClInclude Include="lib\eigen\Core" />
    <ClInclude Include="lib\eigen\Geometry" />
    <ClInclude Include="lib\eigen\Householder" />
    <ClInclude Include="lib\eigen\Jacobi" />
    <ClInclude Include="lib\Eigen\LU" />
    <ClInclude Include="lib\eigen\QR" />
    <ClInclude Include="include\math\ellipsoid_estimator.h">
      <Filter>헤더 파일</Filter>
    </ClInclude>
    <ClInclude Include="lib\Eigen\Cholesky" />
    <ClInclude Include="lib\Eigen\Dense" />
    <ClInclude Include="lib\Eigen\Eigenvalues" />
    <ClInclude Include="lib\Eigen\SVD" />
    <ClInclude Include="lib\Eigen\src\Cholesky\LDLT.h">
      <Filter>헤더 파일</Filter>
    </ClInclude>
    <ClInclude Include="lib\Eigen\src\Cholesky\LLT.h">
      <Filter>헤더 파일</Filter>
    </ClInclude>
    <ClInclude Include="lib\Eigen\src\Cholesky\LLT_LAPACKE.h">
      <Filter>헤더 파일</Filter>
    </ClInclude>
    <ClInclude Include="lib\Eigen\src\Eigenvalues\ComplexEigenSolver.h">
      <Filter>헤더 파일</Filter>
    </ClInclude>
    <ClInclude Include="lib\Eigen\src\Eigenvalues\ComplexSchur.h">
      <Filter>헤더 파일</Filter>
    </ClInclude>
    <ClInclude Include="lib\Eigen\src\Eigenvalues\ComplexSchur_LAPACKE.h">
      <Filter>헤더 파일</Filter>
    </ClInclude>
    <ClInclude Include="lib\Eigen\src\Eigenvalues\EigenSolver.h">
      <Filter>헤더 파일</Filter>
    </ClInclude>
    <ClInclude Include="lib\Eigen\src\Eigenvalues\GeneralizedEigenSolver.h">
      <Filter>헤더 파일</Filter>
    </ClInclude>
    <ClInclude Include="lib\Eigen\src\Eigenvalues\GeneralizedSelfAdjointEigenSolver.h">
      <Filter>헤더 파일</Filter>
    </ClInclude>
    <ClInclude Include="lib\Eigen\src\Eigenvalues\HessenbergDecomposition.h">
      <Filter>헤더 파일</Filter>
    </ClInclude>
    <ClInclude Include="lib\Eigen\src\Eigenvalues\MatrixBaseEigenvalues.h">
      <Filter>헤더 파일</Filter>
    </ClInclude>
    <ClInclude Include="lib\Eigen\src\Eigenvalues\RealQZ.h">
      <Filter>헤더 파일</Filter>
    </ClInclude>
    <ClInclude Include="lib\Eigen\src\Eigenvalues\RealSchur.h">
      <Filter>헤더 파일</Filter>
    </ClInclude>
    <ClInclude Include="lib\Eigen\src\Eigenvalues\RealSchur_LAPACKE.h">
      <Filter>헤더 파일</Filter>
    </ClInclude>
    <ClInclude Include="lib\Eigen\src\Eigenvalues\SelfAdjointEigenSolver.h">
      <Filter>헤더 파일</Filter>
    </ClInclude>
    <ClInclude Include="lib\Eigen\src\Eigenvalues\SelfAdjointEigenSolver_LAPACKE.h">
      <Filter>헤더 파일</Filter>
    </ClInclude>
    <ClInclude Include="lib\Eigen\src\Eigenvalues\Tridiagonalization.h">
      <Filter>헤더 파일</Filter>
    </ClInclude>
    <ClInclude Include="lib\Eigen\src\Geometry\arch\Geometry_SIMD.h">
      <Filter>헤더 파일</Filter>
    </ClInclude>
    <ClInclude Include="lib\Eigen\src\Geometry\AlignedBox.h">
      <Filter>헤더 파일</Filter>
    </ClInclude>
    <ClInclude Include="lib\Eigen\src\Geometry\AngleAxis.h">
      <Filter>헤더 파일</Filter>
    </ClInclude>
    <ClInclude Include="lib\Eigen\src\Geometry\EulerAngles.h">
      <Filter>헤더 파일</Filter>
    </ClInclude>
    <ClInclude Include="lib\Eigen\src\Geometry\Homogeneous.h">
      <Filter>헤더 파일</Filter>
    </ClInclude>
    <ClInclude Include="lib\Eigen\src\Geometry\Hyperplane.h">
      <Filter>헤더 파일</Filter>
    </ClInclude>
    <ClInclude Include="lib\Eigen\src\Geometry\OrthoMethods.h">
      <Filter>헤더 파일</Filter>
    </ClInclude>
    <ClInclude Include="lib\Eigen\src\Geometry\ParametrizedLine.h">
      <Filter>헤더 파일</Filter>
    </ClInclude>
    <ClInclude Include="lib\Eigen\src\Geometry\Quaternion.h">
      <Filter>헤더 파일</Filter>
    </ClInclude>
    <ClInclude Include="lib\Eigen\src\Geometry\Rotation2D.h">
      <Filter>헤더 파일</Filter>
    </ClInclude>
    <ClInclude Include="lib\Eigen\src\Geometry\RotationBase.h">
      <Filter>헤더 파일</Filter>
    </ClInclude>
    <ClInclude Include="lib\Eigen\src\Geometry\Scaling.h">
      <Filter>헤더 파일</Filter>
    </ClInclude>
    <ClInclude Include="lib\Eigen\src\Geometry\Transform.h">
      <Filter>헤더 파일</Filter>
    </ClInclude>
    <ClInclude Include="lib\Eigen\src\Geometry\Translation.h">
      <Filter>헤더 파일</Filter>
    </ClInclude>
    <ClInclude Include="lib\Eigen\src\Geometry\Umeyama.h">
      <Filter>헤더 파일</Filter>
    </ClInclude>
    <ClInclude Include="include\calibrator\calibrator.h">
      <Filter>헤더 파일</Filter>
    </ClInclude>
    <ClInclude Include="lib\Eigen\src\plugins\ArrayCwiseBinaryOps.h">
      <Filter>헤더 파일</Filter>
    </ClInclude>
    <ClInclude Include="lib\Eigen\src\plugins\ArrayCwiseUnaryOps.h">
      <Filter>헤더 파일</Filter>
    </ClInclude>
    <ClInclude Include="lib\Eigen\src\plugins\BlockMethods.h">
      <Filter>헤더 파일</Filter>
    </ClInclude>
    <ClInclude Include="lib\Eigen\src\plugins\CommonCwiseBinaryOps.h">
      <Filter>헤더 파일</Filter>
    </ClInclude>
    <ClInclude Include="lib\Eigen\src\plugins\CommonCwiseUnaryOps.h">
      <Filter>헤더 파일</Filter>
    </ClInclude>
    <ClInclude Include="lib\Eigen\src\plugins\IndexedViewMethods.h">
      <Filter>헤더 파일</Filter>
    </ClInclude>
    <ClInclude Include="lib\Eigen\src\plugins\MatrixCwiseBinaryOps.h">
      <Filter>헤더 파일</Filter>
    </ClInclude>
    <ClInclude Include="lib\Eigen\src\plugins\MatrixCwiseUnaryOps.h">
      <Filter>헤더 파일</Filter>
    </ClInclude>
    <ClInclude Include="lib\Eigen\src\plugins\ReshapedMethods.h">
      <Filter>헤더 파일</Filter>
    </ClInclude>
    <ClInclude Include="include\calibrator\type.h">
      <Filter>헤더 파일</Filter>
    </ClInclude>
  </ItemGroup>
  <ItemGroup>
    <ClCompile Include="src\network\winsock2_udp_server.cpp">
      <Filter>소스 파일</Filter>
    </ClCompile>
    <ClCompile Include="src\network\udp_server.cpp">
      <Filter>소스 파일</Filter>
    </ClCompile>
    <ClCompile Include="src\network\network_service.cpp">
      <Filter>소스 파일</Filter>
    </ClCompile>
    <ClCompile Include="src\util\thread_pool.cpp">
      <Filter>소스 파일</Filter>
    </ClCompile>
    <ClCompile Include="src\util\logger.cpp">
      <Filter>소스 파일</Filter>
    </ClCompile>
    <ClCompile Include="lib\fmt\format.cc">
      <Filter>소스 파일</Filter>
    </ClCompile>
    <ClCompile Include="src\controller\instruction_dispatcher.cpp">
      <Filter>소스 파일</Filter>
    </ClCompile>
    <ClCompile Include="src\tracker\tracker_provider.cpp">
      <Filter>소스 파일</Filter>
    </ClCompile>
    <ClCompile Include="src\util\string_parser.cpp">
      <Filter>소스 파일</Filter>
    </ClCompile>
    <ClCompile Include="src\controller\tracker_updater.cpp">
      <Filter>소스 파일</Filter>
    </ClCompile>
    <ClCompile Include="src\calibrator\accel_calibrator.cpp">
      <Filter>소스 파일</Filter>
    </ClCompile>
    <ClCompile Include="src\calibrator\mag_calibrator.cpp">
      <Filter>소스 파일</Filter>
    </ClCompile>
    <ClCompile Include="src\controller\instruction_handler.cpp">
      <Filter>소스 파일</Filter>
    </ClCompile>
    <ClCompile Include="src\calibrator\gyro_calibrator.cpp">
      <Filter>소스 파일</Filter>
    </ClCompile>
    <ClCompile Include="src\calibrator\calibration_manager.cpp">
      <Filter>소스 파일</Filter>
    </ClCompile>
    <ClCompile Include="src\dkvr_host.cpp">
      <Filter>소스 파일</Filter>
    </ClCompile>
    <ClCompile Include="src\dllmain.cpp">
      <Filter>소스 파일</Filter>
    </ClCompile>
    <ClCompile Include="src\calibrator\common_calibrator.cpp">
      <Filter>소스 파일</Filter>
    </ClCompile>
    <ClCompile Include="src\math\ellipsoid_estimator.cpp">
      <Filter>소스 파일</Filter>
    </ClCompile>
  </ItemGroup>
  <ItemGroup>
    <None Include="lib\fmt\LICENSE" />
    <None Include="lib\Eigen\COPYING.MPL2" />
  </ItemGroup>
</Project>